
Microsoft Visual Studio Solution File, Format Version 12.00
# Visual Studio 15
VisualStudioVersion = 15.0.28010.2036
MinimumVisualStudioVersion = 10.0.40219.1
Project("{FAE04EC0-301F-11D3-BF4B-00C04F79EFBC}") = "advanced-reflection", "advanced-reflection\advanced-reflection.csproj", "{429E3F8A-4841-46B3-AE16-BE776B51B85E}"
EndProject
Global
	GlobalSection(SolutionConfigurationPlatforms) = preSolution
		Debug|Any CPU = Debug|Any CPU
		Release|Any CPU = Release|Any CPU
	EndGlobalSection
	GlobalSection(ProjectConfigurationPlatforms) = postSolution
		{429E3F8A-4841-46B3-AE16-BE776B51B85E}.Debug|Any CPU.ActiveCfg = Debug|Any CPU
		{429E3F8A-4841-46B3-AE16-BE776B51B85E}.Debug|Any CPU.Build.0 = Debug|Any CPU
		{429E3F8A-4841-46B3-AE16-BE776B51B85E}.Release|Any CPU.ActiveCfg = Release|Any CPU
		{429E3F8A-4841-46B3-AE16-BE776B51B85E}.Release|Any CPU.Build.0 = Release|Any CPU
	EndGlobalSection
	GlobalSection(SolutionProperties) = preSolution
		HideSolutionNode = FALSE
	EndGlobalSection
	GlobalSection(ExtensibilityGlobals) = postSolution
		SolutionGuid = {1F69D593-68C0-40FA-8CAA-7F377B8F1428}
	EndGlobalSection
EndGlobal
